
Microsoft Visual Studio Solution File, Format Version 12.00
# Visual Studio Version 17
VisualStudioVersion = 17.10.35027.167
MinimumVisualStudioVersion = 10.0.40219.1
Project("{FAE04EC0-301F-11D3-BF4B-00C04F79EFBC}") = "Shop", "Shop\Shop.csproj", "{DF557D58-A076-46C6-B493-E6E09A268041}"
EndProject
Global
	GlobalSection(SolutionConfigurationPlatforms) = preSolution
		Debug|Any CPU = Debug|Any CPU
		Release|Any CPU = Release|Any CPU
	EndGlobalSection
	GlobalSection(ProjectConfigurationPlatforms) = postSolution
		{DF557D58-A076-46C6-B493-E6E09A268041}.Debug|Any CPU.ActiveCfg = Debug|Any CPU
		{DF557D58-A076-46C6-B493-E6E09A268041}.Debug|Any CPU.Build.0 = Debug|Any CPU
		{DF557D58-A076-46C6-B493-E6E09A268041}.Release|Any CPU.ActiveCfg = Release|Any CPU
		{DF557D58-A076-46C6-B493-E6E09A268041}.Release|Any CPU.Build.0 = Release|Any CPU
	EndGlobalSection
	GlobalSection(SolutionProperties) = preSolution
		HideSolutionNode = FALSE
	EndGlobalSection
	GlobalSection(ExtensibilityGlobals) = postSolution
		SolutionGuid = {B07B0FC1-D188-4655-9CE2-F52F8CFC2D32}
	EndGlobalSection
EndGlobal
